
Microsoft Visual Studio Solution File, Format Version 12.00
# Visual Studio Version 16
VisualStudioVersion = 16.0.31205.134
MinimumVisualStudioVersion = 10.0.40219.1
Project("{FAE04EC0-301F-11D3-BF4B-00C04F79EFBC}") = "DBUtils", "DBUtils\DBUtils.csproj", "{A1743C44-CBAF-4033-B1A9-AC54DB77236E}"
EndProject
Global
	GlobalSection(SolutionConfigurationPlatforms) = preSolution
		Debug|Any CPU = Debug|Any CPU
		Release|Any CPU = Release|Any CPU
	EndGlobalSection
	GlobalSection(ProjectConfigurationPlatforms) = postSolution
		{A1743C44-CBAF-4033-B1A9-AC54DB77236E}.Debug|Any CPU.ActiveCfg = Debug|Any CPU
		{A1743C44-CBAF-4033-B1A9-AC54DB77236E}.Debug|Any CPU.Build.0 = Debug|Any CPU
		{A1743C44-CBAF-4033-B1A9-AC54DB77236E}.Release|Any CPU.ActiveCfg = Release|Any CPU
		{A1743C44-CBAF-4033-B1A9-AC54DB77236E}.Release|Any CPU.Build.0 = Release|Any CPU
	EndGlobalSection
	GlobalSection(SolutionProperties) = preSolution
		HideSolutionNode = FALSE
	EndGlobalSection
	GlobalSection(ExtensibilityGlobals) = postSolution
		SolutionGuid = {93892233-69C6-44BA-9830-6C573835A6B8}
	EndGlobalSection
EndGlobal
