
Microsoft Visual Studio Solution File, Format Version 12.00
# Visual Studio Version 16
VisualStudioVersion = 16.0.31205.134
MinimumVisualStudioVersion = 10.0.40219.1
Project("{FAE04EC0-301F-11D3-BF4B-00C04F79EFBC}") = "KlasePodataka", "KlasePodataka\KlasePodataka.csproj", "{DB3836CB-9B1C-46E7-9567-3D87E0C8B56E}"
EndProject
Global
	GlobalSection(SolutionConfigurationPlatforms) = preSolution
		Debug|Any CPU = Debug|Any CPU
		Release|Any CPU = Release|Any CPU
	EndGlobalSection
	GlobalSection(ProjectConfigurationPlatforms) = postSolution
		{DB3836CB-9B1C-46E7-9567-3D87E0C8B56E}.Debug|Any CPU.ActiveCfg = Debug|Any CPU
		{DB3836CB-9B1C-46E7-9567-3D87E0C8B56E}.Debug|Any CPU.Build.0 = Debug|Any CPU
		{DB3836CB-9B1C-46E7-9567-3D87E0C8B56E}.Release|Any CPU.ActiveCfg = Release|Any CPU
		{DB3836CB-9B1C-46E7-9567-3D87E0C8B56E}.Release|Any CPU.Build.0 = Release|Any CPU
	EndGlobalSection
	GlobalSection(SolutionProperties) = preSolution
		HideSolutionNode = FALSE
	EndGlobalSection
	GlobalSection(ExtensibilityGlobals) = postSolution
		SolutionGuid = {91898FA8-4BD3-4282-A422-C832A8A750B2}
	EndGlobalSection
EndGlobal
